
Microsoft Visual Studio Solution File, Format Version 12.00
# Visual Studio Version 17
VisualStudioVersion = 17.12.35527.113
MinimumVisualStudioVersion = 10.0.40219.1
Project("{2150E333-8FDC-42A3-9474-1A3956D46DE8}") = "Lesson_02", "Lesson_02", "{D6203639-C46F-46A1-8BFB-C33222CF75FC}"
EndProject
Project("{FAE04EC0-301F-11D3-BF4B-00C04F79EFBC}") = "Task_02_02", "Task_02_02\Task_02_02.csproj", "{F1BDA55F-6096-4078-AE13-11813735B333}"
EndProject
Project("{FAE04EC0-301F-11D3-BF4B-00C04F79EFBC}") = "task_02_04", "task_02_04\task_02_04.csproj", "{DA56A2C8-6E29-4D97-9D92-69723D139155}"
EndProject
Global
	GlobalSection(SolutionConfigurationPlatforms) = preSolution
		Debug|Any CPU = Debug|Any CPU
		Release|Any CPU = Release|Any CPU
	EndGlobalSection
	GlobalSection(ProjectConfigurationPlatforms) = postSolution
		{F1BDA55F-6096-4078-AE13-11813735B333}.Debug|Any CPU.ActiveCfg = Debug|Any CPU
		{F1BDA55F-6096-4078-AE13-11813735B333}.Debug|Any CPU.Build.0 = Debug|Any CPU
		{F1BDA55F-6096-4078-AE13-11813735B333}.Release|Any CPU.ActiveCfg = Release|Any CPU
		{F1BDA55F-6096-4078-AE13-11813735B333}.Release|Any CPU.Build.0 = Release|Any CPU
		{DA56A2C8-6E29-4D97-9D92-69723D139155}.Debug|Any CPU.ActiveCfg = Debug|Any CPU
		{DA56A2C8-6E29-4D97-9D92-69723D139155}.Debug|Any CPU.Build.0 = Debug|Any CPU
		{DA56A2C8-6E29-4D97-9D92-69723D139155}.Release|Any CPU.ActiveCfg = Release|Any CPU
		{DA56A2C8-6E29-4D97-9D92-69723D139155}.Release|Any CPU.Build.0 = Release|Any CPU
	EndGlobalSection
	GlobalSection(SolutionProperties) = preSolution
		HideSolutionNode = FALSE
	EndGlobalSection
	GlobalSection(NestedProjects) = preSolution
		{F1BDA55F-6096-4078-AE13-11813735B333} = {D6203639-C46F-46A1-8BFB-C33222CF75FC}
		{DA56A2C8-6E29-4D97-9D92-69723D139155} = {D6203639-C46F-46A1-8BFB-C33222CF75FC}
	EndGlobalSection
EndGlobal
