
Microsoft Visual Studio Solution File, Format Version 12.00
# Visual Studio Version 17
VisualStudioVersion = 17.12.35527.113
MinimumVisualStudioVersion = 10.0.40219.1
Project("{2150E333-8FDC-42A3-9474-1A3956D46DE8}") = "Lesson_02", "Lesson_02", "{D6203639-C46F-46A1-8BFB-C33222CF75FC}"
EndProject
Project("{FAE04EC0-301F-11D3-BF4B-00C04F79EFBC}") = "task_02_04", "task_02_04\task_02_04.csproj", "{DA56A2C8-6E29-4D97-9D92-69723D139155}"
EndProject
Project("{2150E333-8FDC-42A3-9474-1A3956D46DE8}") = "Lesson_03", "Lesson_03", "{D5300DB0-30A3-42B1-BD7D-C10B38D5B362}"
EndProject
Project("{FAE04EC0-301F-11D3-BF4B-00C04F79EFBC}") = "Task_03_04", "Task_03_04\Task_03_04.csproj", "{352D92AC-E7A2-461C-BE66-1D0779743952}"
EndProject
Project("{FAE04EC0-301F-11D3-BF4B-00C04F79EFBC}") = "Task_03_05", "Task_03_05\Task_03_05.csproj", "{46CF452A-65A6-42CB-AC2E-29DCD6AFAC8D}"
EndProject
Project("{FAE04EC0-301F-11D3-BF4B-00C04F79EFBC}") = "Task_03_06", "Task_03_06\Task_03_06.csproj", "{315E634D-6EF9-4BEB-A259-4F748E641F99}"
EndProject
Project("{FAE04EC0-301F-11D3-BF4B-00C04F79EFBC}") = "Task_03_07", "Task_03_07\Task_03_07.csproj", "{46702B31-2FA6-4506-9D13-693249F2B18D}"
EndProject
Project("{FAE04EC0-301F-11D3-BF4B-00C04F79EFBC}") = "Task_03_08", "Task_03_08\Task_03_08.csproj", "{5D724556-9C74-4E71-B938-75920D4BEA89}"
EndProject
Project("{FAE04EC0-301F-11D3-BF4B-00C04F79EFBC}") = "Task_03_09", "Task_03_09\Task_03_09.csproj", "{652631A5-91ED-49BA-AE9A-5D6A80B3008D}"
EndProject
Project("{2150E333-8FDC-42A3-9474-1A3956D46DE8}") = "Lesson_04", "Lesson_04", "{5BF375B6-3107-4376-A709-1F3B3882796E}"
EndProject
Project("{FAE04EC0-301F-11D3-BF4B-00C04F79EFBC}") = "Task_04_05", "Task_04_05\Task_04_05.csproj", "{DB888303-5138-4549-9DCF-91BED4CC6F7D}"
EndProject
Project("{FAE04EC0-301F-11D3-BF4B-00C04F79EFBC}") = "Task_04_06", "Task_04_06\Task_04_06.csproj", "{2D409162-4DA3-4B6B-97F7-2403470F9955}"
EndProject
Project("{FAE04EC0-301F-11D3-BF4B-00C04F79EFBC}") = "Task_04_07", "Task_04_07\Task_04_07.csproj", "{E4B29D2B-4D70-4E2A-B93C-5EB5D6CF3BDF}"
EndProject
Project("{FAE04EC0-301F-11D3-BF4B-00C04F79EFBC}") = "Task_04_08", "Task_04_08\Task_04_08.csproj", "{FB7E7067-B218-48CF-99D3-FD7FBB2889AE}"
EndProject
Project("{FAE04EC0-301F-11D3-BF4B-00C04F79EFBC}") = "Task_04_09", "Task_04_09\Task_04_09.csproj", "{05CBFCF7-B38B-4DC0-B953-E56857BBE357}"
EndProject
Project("{FAE04EC0-301F-11D3-BF4B-00C04F79EFBC}") = "Task_04_10", "Task_04_10\Task_04_10.csproj", "{B93ABBAB-82DD-4565-BBDC-05B878A3B164}"
EndProject
Project("{2150E333-8FDC-42A3-9474-1A3956D46DE8}") = "Lesson_05", "Lesson_05", "{E7A3281B-745C-4060-BDE6-3A870A7F90FE}"
EndProject
Project("{FAE04EC0-301F-11D3-BF4B-00C04F79EFBC}") = "Task_05_03", "Task_05_03\Task_05_03.csproj", "{04E6521C-E668-4ED1-B1D8-D89D1DA80249}"
EndProject
Project("{FAE04EC0-301F-11D3-BF4B-00C04F79EFBC}") = "Task_05_04", "Task_05_04\Task_05_04.csproj", "{38D36C6A-4E1C-4A8D-98E9-05C8C7E56BCF}"
EndProject
Project("{FAE04EC0-301F-11D3-BF4B-00C04F79EFBC}") = "Task_05_05", "Task_05_05\Task_05_05.csproj", "{68D771B4-01E8-448E-BD8A-17A17D7ADBCA}"
EndProject
Project("{FAE04EC0-301F-11D3-BF4B-00C04F79EFBC}") = "Task_05_06", "Task_05_06\Task_05_06.csproj", "{3553342C-A5FF-4089-A7E8-0ED8793C84F3}"
EndProject
Project("{FAE04EC0-301F-11D3-BF4B-00C04F79EFBC}") = "Task_05_07", "Task_05_07\Task_05_07.csproj", "{B2FF3461-101E-49CA-8B84-DFCF1786689E}"
EndProject
Project("{FAE04EC0-301F-11D3-BF4B-00C04F79EFBC}") = "Task_05_08", "Task_05_08\Task_05_08.csproj", "{66C28FC3-A9D7-45A0-AC5A-7F2AD4B0A4CC}"
EndProject
Project("{FAE04EC0-301F-11D3-BF4B-00C04F79EFBC}") = "Task_05_09", "Task_05_09\Task_05_09.csproj", "{C44B4283-00B5-483B-A50E-F0BD4925F282}"
EndProject
Project("{2150E333-8FDC-42A3-9474-1A3956D46DE8}") = "Lesson_10", "Lesson_10", "{D1EE6113-4C8C-45E5-87E0-61A164DE73A6}"
EndProject
Project("{FAE04EC0-301F-11D3-BF4B-00C04F79EFBC}") = "Task_10_06", "Task_10_06\Task_10_06.csproj", "{DDDA92A6-2B0E-4CFD-BEA5-10BAC0C90790}"
EndProject
Project("{FAE04EC0-301F-11D3-BF4B-00C04F79EFBC}") = "Task_10_07", "Task_10_07\Task_10_07.csproj", "{1AD0FF2D-E3EF-41F6-B4C2-4595A6883CCF}"
EndProject
Project("{FAE04EC0-301F-11D3-BF4B-00C04F79EFBC}") = "Task_10_08", "Task_10_08\Task_10_08.csproj", "{A83E5835-D7AD-4016-B99B-4D508389C27E}"
EndProject
Project("{2150E333-8FDC-42A3-9474-1A3956D46DE8}") = "Lesson_12", "Lesson_12", "{A03952C1-0EE9-4D84-B487-51A22EBC1DED}"
EndProject
Project("{FAE04EC0-301F-11D3-BF4B-00C04F79EFBC}") = "Task_12_01", "Task_12_01\Task_12_01.csproj", "{426B1454-100B-4B36-999E-6CFBD67B1F59}"
EndProject
Project("{2150E333-8FDC-42A3-9474-1A3956D46DE8}") = "Lesson_13", "Lesson_13", "{E2C16308-4F19-4216-85E6-ECFABA3894FD}"
EndProject
Project("{FAE04EC0-301F-11D3-BF4B-00C04F79EFBC}") = "Task_13_02", "Task_13_02\Task_13_02.csproj", "{A2F6961E-4B6A-40E8-9968-5AA071B9C8BF}"
EndProject
Project("{FAE04EC0-301F-11D3-BF4B-00C04F79EFBC}") = "Task_13_03", "Task_13_03\Task_13_03.csproj", "{C4F86494-EC85-48D0-B99F-D89930515EFA}"
EndProject
Project("{2150E333-8FDC-42A3-9474-1A3956D46DE8}") = "Lesson_14", "Lesson_14", "{CA1F4E3C-26E4-498F-ADFB-CF7615336269}"
EndProject
Project("{FAE04EC0-301F-11D3-BF4B-00C04F79EFBC}") = "Task_14_03", "Task_14_03\Task_14_03.csproj", "{26E3831D-E946-4058-B2C5-7039B23215B9}"
EndProject
Project("{FAE04EC0-301F-11D3-BF4B-00C04F79EFBC}") = "Task_14_04", "Task_14_04\Task_14_04.csproj", "{DBB9F0C9-5101-4CA8-9E66-ECFDD44568D6}"
EndProject
Project("{FAE04EC0-301F-11D3-BF4B-00C04F79EFBC}") = "Task_12_02", "Task_12_02\Task_12_02.csproj", "{C8CA30B1-0281-4196-84AF-125FDCD89BC7}"
EndProject
Project("{2150E333-8FDC-42A3-9474-1A3956D46DE8}") = "Lesson_20", "Lesson_20", "{C364FEE1-E9A3-4F50-BB77-89EDD3F02720}"
EndProject
Project("{FAE04EC0-301F-11D3-BF4B-00C04F79EFBC}") = "Task_20_03", "Task_20_03\Task_20_03.csproj", "{9192CCB5-7A03-4335-A008-396725AC473F}"
EndProject
Project("{FAE04EC0-301F-11D3-BF4B-00C04F79EFBC}") = "Task_20_04", "Task_20_04\Task_20_04.csproj", "{A7A2932B-048B-4D76-92A8-097E251F1BF2}"
EndProject
Project("{FAE04EC0-301F-11D3-BF4B-00C04F79EFBC}") = "Task_20_05", "Task_20_05\Task_20_05.csproj", "{81D9B4BB-8B9C-4DE4-A6A3-6FD4AAC55542}"
EndProject
Project("{FAE04EC0-301F-11D3-BF4B-00C04F79EFBC}") = "Task_20_06", "Task_20_06\Task_20_06.csproj", "{1EBF63BB-17A3-445A-BDBC-CFFD8DE812F1}"
EndProject
Project("{2150E333-8FDC-42A3-9474-1A3956D46DE8}") = "Lesson_21", "Lesson_21", "{5907AF63-5744-4D59-8C6F-8E5F2DB7F343}"
EndProject
Project("{FAE04EC0-301F-11D3-BF4B-00C04F79EFBC}") = "Task_21_06", "Task_21_06\Task_21_06.csproj", "{2F3684B3-F02D-4BA6-AD46-FB8EA501C562}"
EndProject
Project("{FAE04EC0-301F-11D3-BF4B-00C04F79EFBC}") = "Task_21_07", "Task_21_07\Task_21_07.csproj", "{F8A5C2B3-7C90-431C-B8F7-E5DF784E5520}"
EndProject
Project("{FAE04EC0-301F-11D3-BF4B-00C04F79EFBC}") = "Task_21_08", "Task_21_08\Task_21_08.csproj", "{333D02DE-A5B9-4FA1-A081-0C5235015056}"
EndProject
Project("{FAE04EC0-301F-11D3-BF4B-00C04F79EFBC}") = "Task_21_09", "Task_21_09\Task_21_09.csproj", "{EBBC4956-9422-41CE-B955-97F362BBC93F}"
EndProject
Project("{FAE04EC0-301F-11D3-BF4B-00C04F79EFBC}") = "Task_21_10", "Task_21_10\Task_21_10.csproj", "{2B7A4505-0AB5-4E7E-A523-1717A8776E70}"
EndProject
Global
	GlobalSection(SolutionConfigurationPlatforms) = preSolution
		Debug|Any CPU = Debug|Any CPU
		Release|Any CPU = Release|Any CPU
	EndGlobalSection
	GlobalSection(ProjectConfigurationPlatforms) = postSolution
		{DA56A2C8-6E29-4D97-9D92-69723D139155}.Debug|Any CPU.ActiveCfg = Debug|Any CPU
		{DA56A2C8-6E29-4D97-9D92-69723D139155}.Debug|Any CPU.Build.0 = Debug|Any CPU
		{DA56A2C8-6E29-4D97-9D92-69723D139155}.Release|Any CPU.ActiveCfg = Release|Any CPU
		{DA56A2C8-6E29-4D97-9D92-69723D139155}.Release|Any CPU.Build.0 = Release|Any CPU
		{352D92AC-E7A2-461C-BE66-1D0779743952}.Debug|Any CPU.ActiveCfg = Debug|Any CPU
		{352D92AC-E7A2-461C-BE66-1D0779743952}.Debug|Any CPU.Build.0 = Debug|Any CPU
		{352D92AC-E7A2-461C-BE66-1D0779743952}.Release|Any CPU.ActiveCfg = Release|Any CPU
		{352D92AC-E7A2-461C-BE66-1D0779743952}.Release|Any CPU.Build.0 = Release|Any CPU
		{46CF452A-65A6-42CB-AC2E-29DCD6AFAC8D}.Debug|Any CPU.ActiveCfg = Debug|Any CPU
		{46CF452A-65A6-42CB-AC2E-29DCD6AFAC8D}.Debug|Any CPU.Build.0 = Debug|Any CPU
		{46CF452A-65A6-42CB-AC2E-29DCD6AFAC8D}.Release|Any CPU.ActiveCfg = Release|Any CPU
		{46CF452A-65A6-42CB-AC2E-29DCD6AFAC8D}.Release|Any CPU.Build.0 = Release|Any CPU
		{315E634D-6EF9-4BEB-A259-4F748E641F99}.Debug|Any CPU.ActiveCfg = Debug|Any CPU
		{315E634D-6EF9-4BEB-A259-4F748E641F99}.Debug|Any CPU.Build.0 = Debug|Any CPU
		{315E634D-6EF9-4BEB-A259-4F748E641F99}.Release|Any CPU.ActiveCfg = Release|Any CPU
		{315E634D-6EF9-4BEB-A259-4F748E641F99}.Release|Any CPU.Build.0 = Release|Any CPU
		{46702B31-2FA6-4506-9D13-693249F2B18D}.Debug|Any CPU.ActiveCfg = Debug|Any CPU
		{46702B31-2FA6-4506-9D13-693249F2B18D}.Debug|Any CPU.Build.0 = Debug|Any CPU
		{46702B31-2FA6-4506-9D13-693249F2B18D}.Release|Any CPU.ActiveCfg = Release|Any CPU
		{46702B31-2FA6-4506-9D13-693249F2B18D}.Release|Any CPU.Build.0 = Release|Any CPU
		{5D724556-9C74-4E71-B938-75920D4BEA89}.Debug|Any CPU.ActiveCfg = Debug|Any CPU
		{5D724556-9C74-4E71-B938-75920D4BEA89}.Debug|Any CPU.Build.0 = Debug|Any CPU
		{5D724556-9C74-4E71-B938-75920D4BEA89}.Release|Any CPU.ActiveCfg = Release|Any CPU
		{5D724556-9C74-4E71-B938-75920D4BEA89}.Release|Any CPU.Build.0 = Release|Any CPU
		{652631A5-91ED-49BA-AE9A-5D6A80B3008D}.Debug|Any CPU.ActiveCfg = Debug|Any CPU
		{652631A5-91ED-49BA-AE9A-5D6A80B3008D}.Debug|Any CPU.Build.0 = Debug|Any CPU
		{652631A5-91ED-49BA-AE9A-5D6A80B3008D}.Release|Any CPU.ActiveCfg = Release|Any CPU
		{652631A5-91ED-49BA-AE9A-5D6A80B3008D}.Release|Any CPU.Build.0 = Release|Any CPU
		{DB888303-5138-4549-9DCF-91BED4CC6F7D}.Debug|Any CPU.ActiveCfg = Debug|Any CPU
		{DB888303-5138-4549-9DCF-91BED4CC6F7D}.Debug|Any CPU.Build.0 = Debug|Any CPU
		{DB888303-5138-4549-9DCF-91BED4CC6F7D}.Release|Any CPU.ActiveCfg = Release|Any CPU
		{DB888303-5138-4549-9DCF-91BED4CC6F7D}.Release|Any CPU.Build.0 = Release|Any CPU
		{2D409162-4DA3-4B6B-97F7-2403470F9955}.Debug|Any CPU.ActiveCfg = Debug|Any CPU
		{2D409162-4DA3-4B6B-97F7-2403470F9955}.Debug|Any CPU.Build.0 = Debug|Any CPU
		{2D409162-4DA3-4B6B-97F7-2403470F9955}.Release|Any CPU.ActiveCfg = Release|Any CPU
		{2D409162-4DA3-4B6B-97F7-2403470F9955}.Release|Any CPU.Build.0 = Release|Any CPU
		{E4B29D2B-4D70-4E2A-B93C-5EB5D6CF3BDF}.Debug|Any CPU.ActiveCfg = Debug|Any CPU
		{E4B29D2B-4D70-4E2A-B93C-5EB5D6CF3BDF}.Debug|Any CPU.Build.0 = Debug|Any CPU
		{E4B29D2B-4D70-4E2A-B93C-5EB5D6CF3BDF}.Release|Any CPU.ActiveCfg = Release|Any CPU
		{E4B29D2B-4D70-4E2A-B93C-5EB5D6CF3BDF}.Release|Any CPU.Build.0 = Release|Any CPU
		{FB7E7067-B218-48CF-99D3-FD7FBB2889AE}.Debug|Any CPU.ActiveCfg = Debug|Any CPU
		{FB7E7067-B218-48CF-99D3-FD7FBB2889AE}.Debug|Any CPU.Build.0 = Debug|Any CPU
		{FB7E7067-B218-48CF-99D3-FD7FBB2889AE}.Release|Any CPU.ActiveCfg = Release|Any CPU
		{FB7E7067-B218-48CF-99D3-FD7FBB2889AE}.Release|Any CPU.Build.0 = Release|Any CPU
		{05CBFCF7-B38B-4DC0-B953-E56857BBE357}.Debug|Any CPU.ActiveCfg = Debug|Any CPU
		{05CBFCF7-B38B-4DC0-B953-E56857BBE357}.Debug|Any CPU.Build.0 = Debug|Any CPU
		{05CBFCF7-B38B-4DC0-B953-E56857BBE357}.Release|Any CPU.ActiveCfg = Release|Any CPU
		{05CBFCF7-B38B-4DC0-B953-E56857BBE357}.Release|Any CPU.Build.0 = Release|Any CPU
		{B93ABBAB-82DD-4565-BBDC-05B878A3B164}.Debug|Any CPU.ActiveCfg = Debug|Any CPU
		{B93ABBAB-82DD-4565-BBDC-05B878A3B164}.Debug|Any CPU.Build.0 = Debug|Any CPU
		{B93ABBAB-82DD-4565-BBDC-05B878A3B164}.Release|Any CPU.ActiveCfg = Release|Any CPU
		{B93ABBAB-82DD-4565-BBDC-05B878A3B164}.Release|Any CPU.Build.0 = Release|Any CPU
		{04E6521C-E668-4ED1-B1D8-D89D1DA80249}.Debug|Any CPU.ActiveCfg = Debug|Any CPU
		{04E6521C-E668-4ED1-B1D8-D89D1DA80249}.Debug|Any CPU.Build.0 = Debug|Any CPU
		{04E6521C-E668-4ED1-B1D8-D89D1DA80249}.Release|Any CPU.ActiveCfg = Release|Any CPU
		{04E6521C-E668-4ED1-B1D8-D89D1DA80249}.Release|Any CPU.Build.0 = Release|Any CPU
		{38D36C6A-4E1C-4A8D-98E9-05C8C7E56BCF}.Debug|Any CPU.ActiveCfg = Debug|Any CPU
		{38D36C6A-4E1C-4A8D-98E9-05C8C7E56BCF}.Debug|Any CPU.Build.0 = Debug|Any CPU
		{38D36C6A-4E1C-4A8D-98E9-05C8C7E56BCF}.Release|Any CPU.ActiveCfg = Release|Any CPU
		{38D36C6A-4E1C-4A8D-98E9-05C8C7E56BCF}.Release|Any CPU.Build.0 = Release|Any CPU
		{68D771B4-01E8-448E-BD8A-17A17D7ADBCA}.Debug|Any CPU.ActiveCfg = Debug|Any CPU
		{68D771B4-01E8-448E-BD8A-17A17D7ADBCA}.Debug|Any CPU.Build.0 = Debug|Any CPU
		{68D771B4-01E8-448E-BD8A-17A17D7ADBCA}.Release|Any CPU.ActiveCfg = Release|Any CPU
		{68D771B4-01E8-448E-BD8A-17A17D7ADBCA}.Release|Any CPU.Build.0 = Release|Any CPU
		{3553342C-A5FF-4089-A7E8-0ED8793C84F3}.Debug|Any CPU.ActiveCfg = Debug|Any CPU
		{3553342C-A5FF-4089-A7E8-0ED8793C84F3}.Debug|Any CPU.Build.0 = Debug|Any CPU
		{3553342C-A5FF-4089-A7E8-0ED8793C84F3}.Release|Any CPU.ActiveCfg = Release|Any CPU
		{3553342C-A5FF-4089-A7E8-0ED8793C84F3}.Release|Any CPU.Build.0 = Release|Any CPU
		{B2FF3461-101E-49CA-8B84-DFCF1786689E}.Debug|Any CPU.ActiveCfg = Debug|Any CPU
		{B2FF3461-101E-49CA-8B84-DFCF1786689E}.Debug|Any CPU.Build.0 = Debug|Any CPU
		{B2FF3461-101E-49CA-8B84-DFCF1786689E}.Release|Any CPU.ActiveCfg = Release|Any CPU
		{B2FF3461-101E-49CA-8B84-DFCF1786689E}.Release|Any CPU.Build.0 = Release|Any CPU
		{66C28FC3-A9D7-45A0-AC5A-7F2AD4B0A4CC}.Debug|Any CPU.ActiveCfg = Debug|Any CPU
		{66C28FC3-A9D7-45A0-AC5A-7F2AD4B0A4CC}.Debug|Any CPU.Build.0 = Debug|Any CPU
		{66C28FC3-A9D7-45A0-AC5A-7F2AD4B0A4CC}.Release|Any CPU.ActiveCfg = Release|Any CPU
		{66C28FC3-A9D7-45A0-AC5A-7F2AD4B0A4CC}.Release|Any CPU.Build.0 = Release|Any CPU
		{C44B4283-00B5-483B-A50E-F0BD4925F282}.Debug|Any CPU.ActiveCfg = Debug|Any CPU
		{C44B4283-00B5-483B-A50E-F0BD4925F282}.Debug|Any CPU.Build.0 = Debug|Any CPU
		{C44B4283-00B5-483B-A50E-F0BD4925F282}.Release|Any CPU.ActiveCfg = Release|Any CPU
		{C44B4283-00B5-483B-A50E-F0BD4925F282}.Release|Any CPU.Build.0 = Release|Any CPU
		{DDDA92A6-2B0E-4CFD-BEA5-10BAC0C90790}.Debug|Any CPU.ActiveCfg = Debug|Any CPU
		{DDDA92A6-2B0E-4CFD-BEA5-10BAC0C90790}.Debug|Any CPU.Build.0 = Debug|Any CPU
		{DDDA92A6-2B0E-4CFD-BEA5-10BAC0C90790}.Release|Any CPU.ActiveCfg = Release|Any CPU
		{DDDA92A6-2B0E-4CFD-BEA5-10BAC0C90790}.Release|Any CPU.Build.0 = Release|Any CPU
		{1AD0FF2D-E3EF-41F6-B4C2-4595A6883CCF}.Debug|Any CPU.ActiveCfg = Debug|Any CPU
		{1AD0FF2D-E3EF-41F6-B4C2-4595A6883CCF}.Debug|Any CPU.Build.0 = Debug|Any CPU
		{1AD0FF2D-E3EF-41F6-B4C2-4595A6883CCF}.Release|Any CPU.ActiveCfg = Release|Any CPU
		{1AD0FF2D-E3EF-41F6-B4C2-4595A6883CCF}.Release|Any CPU.Build.0 = Release|Any CPU
		{A83E5835-D7AD-4016-B99B-4D508389C27E}.Debug|Any CPU.ActiveCfg = Debug|Any CPU
		{A83E5835-D7AD-4016-B99B-4D508389C27E}.Debug|Any CPU.Build.0 = Debug|Any CPU
		{A83E5835-D7AD-4016-B99B-4D508389C27E}.Release|Any CPU.ActiveCfg = Release|Any CPU
		{A83E5835-D7AD-4016-B99B-4D508389C27E}.Release|Any CPU.Build.0 = Release|Any CPU
		{426B1454-100B-4B36-999E-6CFBD67B1F59}.Debug|Any CPU.ActiveCfg = Debug|Any CPU
		{426B1454-100B-4B36-999E-6CFBD67B1F59}.Debug|Any CPU.Build.0 = Debug|Any CPU
		{426B1454-100B-4B36-999E-6CFBD67B1F59}.Release|Any CPU.ActiveCfg = Release|Any CPU
		{426B1454-100B-4B36-999E-6CFBD67B1F59}.Release|Any CPU.Build.0 = Release|Any CPU
		{A2F6961E-4B6A-40E8-9968-5AA071B9C8BF}.Debug|Any CPU.ActiveCfg = Debug|Any CPU
		{A2F6961E-4B6A-40E8-9968-5AA071B9C8BF}.Debug|Any CPU.Build.0 = Debug|Any CPU
		{A2F6961E-4B6A-40E8-9968-5AA071B9C8BF}.Release|Any CPU.ActiveCfg = Release|Any CPU
		{A2F6961E-4B6A-40E8-9968-5AA071B9C8BF}.Release|Any CPU.Build.0 = Release|Any CPU
		{C4F86494-EC85-48D0-B99F-D89930515EFA}.Debug|Any CPU.ActiveCfg = Debug|Any CPU
		{C4F86494-EC85-48D0-B99F-D89930515EFA}.Debug|Any CPU.Build.0 = Debug|Any CPU
		{C4F86494-EC85-48D0-B99F-D89930515EFA}.Release|Any CPU.ActiveCfg = Release|Any CPU
		{C4F86494-EC85-48D0-B99F-D89930515EFA}.Release|Any CPU.Build.0 = Release|Any CPU
		{26E3831D-E946-4058-B2C5-7039B23215B9}.Debug|Any CPU.ActiveCfg = Debug|Any CPU
		{26E3831D-E946-4058-B2C5-7039B23215B9}.Debug|Any CPU.Build.0 = Debug|Any CPU
		{26E3831D-E946-4058-B2C5-7039B23215B9}.Release|Any CPU.ActiveCfg = Release|Any CPU
		{26E3831D-E946-4058-B2C5-7039B23215B9}.Release|Any CPU.Build.0 = Release|Any CPU
		{DBB9F0C9-5101-4CA8-9E66-ECFDD44568D6}.Debug|Any CPU.ActiveCfg = Debug|Any CPU
		{DBB9F0C9-5101-4CA8-9E66-ECFDD44568D6}.Debug|Any CPU.Build.0 = Debug|Any CPU
		{DBB9F0C9-5101-4CA8-9E66-ECFDD44568D6}.Release|Any CPU.ActiveCfg = Release|Any CPU
		{DBB9F0C9-5101-4CA8-9E66-ECFDD44568D6}.Release|Any CPU.Build.0 = Release|Any CPU
		{C8CA30B1-0281-4196-84AF-125FDCD89BC7}.Debug|Any CPU.ActiveCfg = Debug|Any CPU
		{C8CA30B1-0281-4196-84AF-125FDCD89BC7}.Debug|Any CPU.Build.0 = Debug|Any CPU
		{C8CA30B1-0281-4196-84AF-125FDCD89BC7}.Release|Any CPU.ActiveCfg = Release|Any CPU
		{C8CA30B1-0281-4196-84AF-125FDCD89BC7}.Release|Any CPU.Build.0 = Release|Any CPU
		{9192CCB5-7A03-4335-A008-396725AC473F}.Debug|Any CPU.ActiveCfg = Debug|Any CPU
		{9192CCB5-7A03-4335-A008-396725AC473F}.Debug|Any CPU.Build.0 = Debug|Any CPU
		{9192CCB5-7A03-4335-A008-396725AC473F}.Release|Any CPU.ActiveCfg = Release|Any CPU
		{9192CCB5-7A03-4335-A008-396725AC473F}.Release|Any CPU.Build.0 = Release|Any CPU
		{A7A2932B-048B-4D76-92A8-097E251F1BF2}.Debug|Any CPU.ActiveCfg = Debug|Any CPU
		{A7A2932B-048B-4D76-92A8-097E251F1BF2}.Debug|Any CPU.Build.0 = Debug|Any CPU
		{A7A2932B-048B-4D76-92A8-097E251F1BF2}.Release|Any CPU.ActiveCfg = Release|Any CPU
		{A7A2932B-048B-4D76-92A8-097E251F1BF2}.Release|Any CPU.Build.0 = Release|Any CPU
		{81D9B4BB-8B9C-4DE4-A6A3-6FD4AAC55542}.Debug|Any CPU.ActiveCfg = Debug|Any CPU
		{81D9B4BB-8B9C-4DE4-A6A3-6FD4AAC55542}.Debug|Any CPU.Build.0 = Debug|Any CPU
		{81D9B4BB-8B9C-4DE4-A6A3-6FD4AAC55542}.Release|Any CPU.ActiveCfg = Release|Any CPU
		{81D9B4BB-8B9C-4DE4-A6A3-6FD4AAC55542}.Release|Any CPU.Build.0 = Release|Any CPU
		{1EBF63BB-17A3-445A-BDBC-CFFD8DE812F1}.Debug|Any CPU.ActiveCfg = Debug|Any CPU
		{1EBF63BB-17A3-445A-BDBC-CFFD8DE812F1}.Debug|Any CPU.Build.0 = Debug|Any CPU
		{1EBF63BB-17A3-445A-BDBC-CFFD8DE812F1}.Release|Any CPU.ActiveCfg = Release|Any CPU
		{1EBF63BB-17A3-445A-BDBC-CFFD8DE812F1}.Release|Any CPU.Build.0 = Release|Any CPU
		{2F3684B3-F02D-4BA6-AD46-FB8EA501C562}.Debug|Any CPU.ActiveCfg = Debug|Any CPU
		{2F3684B3-F02D-4BA6-AD46-FB8EA501C562}.Debug|Any CPU.Build.0 = Debug|Any CPU
		{2F3684B3-F02D-4BA6-AD46-FB8EA501C562}.Release|Any CPU.ActiveCfg = Release|Any CPU
		{2F3684B3-F02D-4BA6-AD46-FB8EA501C562}.Release|Any CPU.Build.0 = Release|Any CPU
		{F8A5C2B3-7C90-431C-B8F7-E5DF784E5520}.Debug|Any CPU.ActiveCfg = Debug|Any CPU
		{F8A5C2B3-7C90-431C-B8F7-E5DF784E5520}.Debug|Any CPU.Build.0 = Debug|Any CPU
		{F8A5C2B3-7C90-431C-B8F7-E5DF784E5520}.Release|Any CPU.ActiveCfg = Release|Any CPU
		{F8A5C2B3-7C90-431C-B8F7-E5DF784E5520}.Release|Any CPU.Build.0 = Release|Any CPU
		{333D02DE-A5B9-4FA1-A081-0C5235015056}.Debug|Any CPU.ActiveCfg = Debug|Any CPU
		{333D02DE-A5B9-4FA1-A081-0C5235015056}.Debug|Any CPU.Build.0 = Debug|Any CPU
		{333D02DE-A5B9-4FA1-A081-0C5235015056}.Release|Any CPU.ActiveCfg = Release|Any CPU
		{333D02DE-A5B9-4FA1-A081-0C5235015056}.Release|Any CPU.Build.0 = Release|Any CPU
		{EBBC4956-9422-41CE-B955-97F362BBC93F}.Debug|Any CPU.ActiveCfg = Debug|Any CPU
		{EBBC4956-9422-41CE-B955-97F362BBC93F}.Debug|Any CPU.Build.0 = Debug|Any CPU
		{EBBC4956-9422-41CE-B955-97F362BBC93F}.Release|Any CPU.ActiveCfg = Release|Any CPU
		{EBBC4956-9422-41CE-B955-97F362BBC93F}.Release|Any CPU.Build.0 = Release|Any CPU
		{2B7A4505-0AB5-4E7E-A523-1717A8776E70}.Debug|Any CPU.ActiveCfg = Debug|Any CPU
		{2B7A4505-0AB5-4E7E-A523-1717A8776E70}.Debug|Any CPU.Build.0 = Debug|Any CPU
		{2B7A4505-0AB5-4E7E-A523-1717A8776E70}.Release|Any CPU.ActiveCfg = Release|Any CPU
		{2B7A4505-0AB5-4E7E-A523-1717A8776E70}.Release|Any CPU.Build.0 = Release|Any CPU
	EndGlobalSection
	GlobalSection(SolutionProperties) = preSolution
		HideSolutionNode = FALSE
	EndGlobalSection
	GlobalSection(NestedProjects) = preSolution
		{DA56A2C8-6E29-4D97-9D92-69723D139155} = {D6203639-C46F-46A1-8BFB-C33222CF75FC}
		{352D92AC-E7A2-461C-BE66-1D0779743952} = {D5300DB0-30A3-42B1-BD7D-C10B38D5B362}
		{46CF452A-65A6-42CB-AC2E-29DCD6AFAC8D} = {D5300DB0-30A3-42B1-BD7D-C10B38D5B362}
		{315E634D-6EF9-4BEB-A259-4F748E641F99} = {D5300DB0-30A3-42B1-BD7D-C10B38D5B362}
		{46702B31-2FA6-4506-9D13-693249F2B18D} = {D5300DB0-30A3-42B1-BD7D-C10B38D5B362}
		{5D724556-9C74-4E71-B938-75920D4BEA89} = {D5300DB0-30A3-42B1-BD7D-C10B38D5B362}
		{652631A5-91ED-49BA-AE9A-5D6A80B3008D} = {D5300DB0-30A3-42B1-BD7D-C10B38D5B362}
		{DB888303-5138-4549-9DCF-91BED4CC6F7D} = {5BF375B6-3107-4376-A709-1F3B3882796E}
		{2D409162-4DA3-4B6B-97F7-2403470F9955} = {5BF375B6-3107-4376-A709-1F3B3882796E}
		{E4B29D2B-4D70-4E2A-B93C-5EB5D6CF3BDF} = {5BF375B6-3107-4376-A709-1F3B3882796E}
		{FB7E7067-B218-48CF-99D3-FD7FBB2889AE} = {5BF375B6-3107-4376-A709-1F3B3882796E}
		{05CBFCF7-B38B-4DC0-B953-E56857BBE357} = {5BF375B6-3107-4376-A709-1F3B3882796E}
		{B93ABBAB-82DD-4565-BBDC-05B878A3B164} = {5BF375B6-3107-4376-A709-1F3B3882796E}
		{04E6521C-E668-4ED1-B1D8-D89D1DA80249} = {E7A3281B-745C-4060-BDE6-3A870A7F90FE}
		{38D36C6A-4E1C-4A8D-98E9-05C8C7E56BCF} = {E7A3281B-745C-4060-BDE6-3A870A7F90FE}
		{68D771B4-01E8-448E-BD8A-17A17D7ADBCA} = {E7A3281B-745C-4060-BDE6-3A870A7F90FE}
		{3553342C-A5FF-4089-A7E8-0ED8793C84F3} = {E7A3281B-745C-4060-BDE6-3A870A7F90FE}
		{B2FF3461-101E-49CA-8B84-DFCF1786689E} = {E7A3281B-745C-4060-BDE6-3A870A7F90FE}
		{66C28FC3-A9D7-45A0-AC5A-7F2AD4B0A4CC} = {E7A3281B-745C-4060-BDE6-3A870A7F90FE}
		{C44B4283-00B5-483B-A50E-F0BD4925F282} = {E7A3281B-745C-4060-BDE6-3A870A7F90FE}
		{DDDA92A6-2B0E-4CFD-BEA5-10BAC0C90790} = {D1EE6113-4C8C-45E5-87E0-61A164DE73A6}
		{1AD0FF2D-E3EF-41F6-B4C2-4595A6883CCF} = {D1EE6113-4C8C-45E5-87E0-61A164DE73A6}
		{A83E5835-D7AD-4016-B99B-4D508389C27E} = {D1EE6113-4C8C-45E5-87E0-61A164DE73A6}
		{426B1454-100B-4B36-999E-6CFBD67B1F59} = {A03952C1-0EE9-4D84-B487-51A22EBC1DED}
		{A2F6961E-4B6A-40E8-9968-5AA071B9C8BF} = {E2C16308-4F19-4216-85E6-ECFABA3894FD}
		{C4F86494-EC85-48D0-B99F-D89930515EFA} = {E2C16308-4F19-4216-85E6-ECFABA3894FD}
		{26E3831D-E946-4058-B2C5-7039B23215B9} = {CA1F4E3C-26E4-498F-ADFB-CF7615336269}
		{DBB9F0C9-5101-4CA8-9E66-ECFDD44568D6} = {CA1F4E3C-26E4-498F-ADFB-CF7615336269}
		{C8CA30B1-0281-4196-84AF-125FDCD89BC7} = {A03952C1-0EE9-4D84-B487-51A22EBC1DED}
		{9192CCB5-7A03-4335-A008-396725AC473F} = {C364FEE1-E9A3-4F50-BB77-89EDD3F02720}
		{A7A2932B-048B-4D76-92A8-097E251F1BF2} = {C364FEE1-E9A3-4F50-BB77-89EDD3F02720}
		{81D9B4BB-8B9C-4DE4-A6A3-6FD4AAC55542} = {C364FEE1-E9A3-4F50-BB77-89EDD3F02720}
		{1EBF63BB-17A3-445A-BDBC-CFFD8DE812F1} = {C364FEE1-E9A3-4F50-BB77-89EDD3F02720}
		{2F3684B3-F02D-4BA6-AD46-FB8EA501C562} = {5907AF63-5744-4D59-8C6F-8E5F2DB7F343}
		{F8A5C2B3-7C90-431C-B8F7-E5DF784E5520} = {5907AF63-5744-4D59-8C6F-8E5F2DB7F343}
		{333D02DE-A5B9-4FA1-A081-0C5235015056} = {5907AF63-5744-4D59-8C6F-8E5F2DB7F343}
		{EBBC4956-9422-41CE-B955-97F362BBC93F} = {5907AF63-5744-4D59-8C6F-8E5F2DB7F343}
		{2B7A4505-0AB5-4E7E-A523-1717A8776E70} = {5907AF63-5744-4D59-8C6F-8E5F2DB7F343}
	EndGlobalSection
EndGlobal
