
Microsoft Visual Studio Solution File, Format Version 12.00
# Visual Studio Version 17
VisualStudioVersion = 17.12.35527.113
MinimumVisualStudioVersion = 10.0.40219.1
Project("{2150E333-8FDC-42A3-9474-1A3956D46DE8}") = "Lesson_02", "Lesson_02", "{D6203639-C46F-46A1-8BFB-C33222CF75FC}"
EndProject
Project("{FAE04EC0-301F-11D3-BF4B-00C04F79EFBC}") = "Task_02_02", "Task_02_02\Task_02_02.csproj", "{F1BDA55F-6096-4078-AE13-11813735B333}"
EndProject
Project("{FAE04EC0-301F-11D3-BF4B-00C04F79EFBC}") = "task_02_04", "task_02_04\task_02_04.csproj", "{DA56A2C8-6E29-4D97-9D92-69723D139155}"
EndProject
Project("{2150E333-8FDC-42A3-9474-1A3956D46DE8}") = "Lesson_03", "Lesson_03", "{D5300DB0-30A3-42B1-BD7D-C10B38D5B362}"
EndProject
Project("{FAE04EC0-301F-11D3-BF4B-00C04F79EFBC}") = "Task_03_04", "Task_03_04\Task_03_04.csproj", "{352D92AC-E7A2-461C-BE66-1D0779743952}"
EndProject
Project("{FAE04EC0-301F-11D3-BF4B-00C04F79EFBC}") = "Task_03_05", "Task_03_05\Task_03_05.csproj", "{46CF452A-65A6-42CB-AC2E-29DCD6AFAC8D}"
EndProject
Project("{FAE04EC0-301F-11D3-BF4B-00C04F79EFBC}") = "Task_03_06", "Task_03_06\Task_03_06.csproj", "{315E634D-6EF9-4BEB-A259-4F748E641F99}"
EndProject
Project("{FAE04EC0-301F-11D3-BF4B-00C04F79EFBC}") = "Task_03_07", "Task_03_07\Task_03_07.csproj", "{46702B31-2FA6-4506-9D13-693249F2B18D}"
EndProject
Project("{FAE04EC0-301F-11D3-BF4B-00C04F79EFBC}") = "Task_03_08", "Task_03_08\Task_03_08.csproj", "{5D724556-9C74-4E71-B938-75920D4BEA89}"
EndProject
Project("{FAE04EC0-301F-11D3-BF4B-00C04F79EFBC}") = "Task_03_09", "Task_03_09\Task_03_09.csproj", "{652631A5-91ED-49BA-AE9A-5D6A80B3008D}"
EndProject
Project("{2150E333-8FDC-42A3-9474-1A3956D46DE8}") = "Lesson_04", "Lesson_04", "{5BF375B6-3107-4376-A709-1F3B3882796E}"
EndProject
Project("{FAE04EC0-301F-11D3-BF4B-00C04F79EFBC}") = "Task_04_05", "Task_04_05\Task_04_05.csproj", "{DB888303-5138-4549-9DCF-91BED4CC6F7D}"
EndProject
Project("{FAE04EC0-301F-11D3-BF4B-00C04F79EFBC}") = "Task_04_06", "Task_04_06\Task_04_06.csproj", "{2D409162-4DA3-4B6B-97F7-2403470F9955}"
EndProject
Project("{FAE04EC0-301F-11D3-BF4B-00C04F79EFBC}") = "Task_04_07", "Task_04_07\Task_04_07.csproj", "{E4B29D2B-4D70-4E2A-B93C-5EB5D6CF3BDF}"
EndProject
Project("{FAE04EC0-301F-11D3-BF4B-00C04F79EFBC}") = "Task_04_08", "Task_04_08\Task_04_08.csproj", "{FB7E7067-B218-48CF-99D3-FD7FBB2889AE}"
EndProject
Project("{FAE04EC0-301F-11D3-BF4B-00C04F79EFBC}") = "Task_04_09", "Task_04_09\Task_04_09.csproj", "{05CBFCF7-B38B-4DC0-B953-E56857BBE357}"
EndProject
Project("{FAE04EC0-301F-11D3-BF4B-00C04F79EFBC}") = "Task_04_10", "Task_04_10\Task_04_10.csproj", "{B93ABBAB-82DD-4565-BBDC-05B878A3B164}"
EndProject
Project("{2150E333-8FDC-42A3-9474-1A3956D46DE8}") = "Lesson_05", "Lesson_05", "{E7A3281B-745C-4060-BDE6-3A870A7F90FE}"
EndProject
Project("{FAE04EC0-301F-11D3-BF4B-00C04F79EFBC}") = "Task_05_03", "Task_05_03\Task_05_03.csproj", "{04E6521C-E668-4ED1-B1D8-D89D1DA80249}"
EndProject
Project("{FAE04EC0-301F-11D3-BF4B-00C04F79EFBC}") = "Task_05_04", "Task_05_04\Task_05_04.csproj", "{38D36C6A-4E1C-4A8D-98E9-05C8C7E56BCF}"
EndProject
Project("{FAE04EC0-301F-11D3-BF4B-00C04F79EFBC}") = "Task_05_05", "Task_05_05\Task_05_05.csproj", "{68D771B4-01E8-448E-BD8A-17A17D7ADBCA}"
EndProject
Project("{FAE04EC0-301F-11D3-BF4B-00C04F79EFBC}") = "Task_05_06", "Task_05_06\Task_05_06.csproj", "{3553342C-A5FF-4089-A7E8-0ED8793C84F3}"
EndProject
Project("{FAE04EC0-301F-11D3-BF4B-00C04F79EFBC}") = "Task_05_07", "Task_05_07\Task_05_07.csproj", "{B2FF3461-101E-49CA-8B84-DFCF1786689E}"
EndProject
Project("{FAE04EC0-301F-11D3-BF4B-00C04F79EFBC}") = "Task_05_08", "Task_05_08\Task_05_08.csproj", "{66C28FC3-A9D7-45A0-AC5A-7F2AD4B0A4CC}"
EndProject
Project("{FAE04EC0-301F-11D3-BF4B-00C04F79EFBC}") = "Task_05_09", "Task_05_09\Task_05_09.csproj", "{C44B4283-00B5-483B-A50E-F0BD4925F282}"
EndProject
Global
	GlobalSection(SolutionConfigurationPlatforms) = preSolution
		Debug|Any CPU = Debug|Any CPU
		Release|Any CPU = Release|Any CPU
	EndGlobalSection
	GlobalSection(ProjectConfigurationPlatforms) = postSolution
		{F1BDA55F-6096-4078-AE13-11813735B333}.Debug|Any CPU.ActiveCfg = Debug|Any CPU
		{F1BDA55F-6096-4078-AE13-11813735B333}.Debug|Any CPU.Build.0 = Debug|Any CPU
		{F1BDA55F-6096-4078-AE13-11813735B333}.Release|Any CPU.ActiveCfg = Release|Any CPU
		{F1BDA55F-6096-4078-AE13-11813735B333}.Release|Any CPU.Build.0 = Release|Any CPU
		{DA56A2C8-6E29-4D97-9D92-69723D139155}.Debug|Any CPU.ActiveCfg = Debug|Any CPU
		{DA56A2C8-6E29-4D97-9D92-69723D139155}.Debug|Any CPU.Build.0 = Debug|Any CPU
		{DA56A2C8-6E29-4D97-9D92-69723D139155}.Release|Any CPU.ActiveCfg = Release|Any CPU
		{DA56A2C8-6E29-4D97-9D92-69723D139155}.Release|Any CPU.Build.0 = Release|Any CPU
		{352D92AC-E7A2-461C-BE66-1D0779743952}.Debug|Any CPU.ActiveCfg = Debug|Any CPU
		{352D92AC-E7A2-461C-BE66-1D0779743952}.Debug|Any CPU.Build.0 = Debug|Any CPU
		{352D92AC-E7A2-461C-BE66-1D0779743952}.Release|Any CPU.ActiveCfg = Release|Any CPU
		{352D92AC-E7A2-461C-BE66-1D0779743952}.Release|Any CPU.Build.0 = Release|Any CPU
		{46CF452A-65A6-42CB-AC2E-29DCD6AFAC8D}.Debug|Any CPU.ActiveCfg = Debug|Any CPU
		{46CF452A-65A6-42CB-AC2E-29DCD6AFAC8D}.Debug|Any CPU.Build.0 = Debug|Any CPU
		{46CF452A-65A6-42CB-AC2E-29DCD6AFAC8D}.Release|Any CPU.ActiveCfg = Release|Any CPU
		{46CF452A-65A6-42CB-AC2E-29DCD6AFAC8D}.Release|Any CPU.Build.0 = Release|Any CPU
		{315E634D-6EF9-4BEB-A259-4F748E641F99}.Debug|Any CPU.ActiveCfg = Debug|Any CPU
		{315E634D-6EF9-4BEB-A259-4F748E641F99}.Debug|Any CPU.Build.0 = Debug|Any CPU
		{315E634D-6EF9-4BEB-A259-4F748E641F99}.Release|Any CPU.ActiveCfg = Release|Any CPU
		{315E634D-6EF9-4BEB-A259-4F748E641F99}.Release|Any CPU.Build.0 = Release|Any CPU
		{46702B31-2FA6-4506-9D13-693249F2B18D}.Debug|Any CPU.ActiveCfg = Debug|Any CPU
		{46702B31-2FA6-4506-9D13-693249F2B18D}.Debug|Any CPU.Build.0 = Debug|Any CPU
		{46702B31-2FA6-4506-9D13-693249F2B18D}.Release|Any CPU.ActiveCfg = Release|Any CPU
		{46702B31-2FA6-4506-9D13-693249F2B18D}.Release|Any CPU.Build.0 = Release|Any CPU
		{5D724556-9C74-4E71-B938-75920D4BEA89}.Debug|Any CPU.ActiveCfg = Debug|Any CPU
		{5D724556-9C74-4E71-B938-75920D4BEA89}.Debug|Any CPU.Build.0 = Debug|Any CPU
		{5D724556-9C74-4E71-B938-75920D4BEA89}.Release|Any CPU.ActiveCfg = Release|Any CPU
		{5D724556-9C74-4E71-B938-75920D4BEA89}.Release|Any CPU.Build.0 = Release|Any CPU
		{652631A5-91ED-49BA-AE9A-5D6A80B3008D}.Debug|Any CPU.ActiveCfg = Debug|Any CPU
		{652631A5-91ED-49BA-AE9A-5D6A80B3008D}.Debug|Any CPU.Build.0 = Debug|Any CPU
		{652631A5-91ED-49BA-AE9A-5D6A80B3008D}.Release|Any CPU.ActiveCfg = Release|Any CPU
		{652631A5-91ED-49BA-AE9A-5D6A80B3008D}.Release|Any CPU.Build.0 = Release|Any CPU
		{DB888303-5138-4549-9DCF-91BED4CC6F7D}.Debug|Any CPU.ActiveCfg = Debug|Any CPU
		{DB888303-5138-4549-9DCF-91BED4CC6F7D}.Debug|Any CPU.Build.0 = Debug|Any CPU
		{DB888303-5138-4549-9DCF-91BED4CC6F7D}.Release|Any CPU.ActiveCfg = Release|Any CPU
		{DB888303-5138-4549-9DCF-91BED4CC6F7D}.Release|Any CPU.Build.0 = Release|Any CPU
		{2D409162-4DA3-4B6B-97F7-2403470F9955}.Debug|Any CPU.ActiveCfg = Debug|Any CPU
		{2D409162-4DA3-4B6B-97F7-2403470F9955}.Debug|Any CPU.Build.0 = Debug|Any CPU
		{2D409162-4DA3-4B6B-97F7-2403470F9955}.Release|Any CPU.ActiveCfg = Release|Any CPU
		{2D409162-4DA3-4B6B-97F7-2403470F9955}.Release|Any CPU.Build.0 = Release|Any CPU
		{E4B29D2B-4D70-4E2A-B93C-5EB5D6CF3BDF}.Debug|Any CPU.ActiveCfg = Debug|Any CPU
		{E4B29D2B-4D70-4E2A-B93C-5EB5D6CF3BDF}.Debug|Any CPU.Build.0 = Debug|Any CPU
		{E4B29D2B-4D70-4E2A-B93C-5EB5D6CF3BDF}.Release|Any CPU.ActiveCfg = Release|Any CPU
		{E4B29D2B-4D70-4E2A-B93C-5EB5D6CF3BDF}.Release|Any CPU.Build.0 = Release|Any CPU
		{FB7E7067-B218-48CF-99D3-FD7FBB2889AE}.Debug|Any CPU.ActiveCfg = Debug|Any CPU
		{FB7E7067-B218-48CF-99D3-FD7FBB2889AE}.Debug|Any CPU.Build.0 = Debug|Any CPU
		{FB7E7067-B218-48CF-99D3-FD7FBB2889AE}.Release|Any CPU.ActiveCfg = Release|Any CPU
		{FB7E7067-B218-48CF-99D3-FD7FBB2889AE}.Release|Any CPU.Build.0 = Release|Any CPU
		{05CBFCF7-B38B-4DC0-B953-E56857BBE357}.Debug|Any CPU.ActiveCfg = Debug|Any CPU
		{05CBFCF7-B38B-4DC0-B953-E56857BBE357}.Debug|Any CPU.Build.0 = Debug|Any CPU
		{05CBFCF7-B38B-4DC0-B953-E56857BBE357}.Release|Any CPU.ActiveCfg = Release|Any CPU
		{05CBFCF7-B38B-4DC0-B953-E56857BBE357}.Release|Any CPU.Build.0 = Release|Any CPU
		{B93ABBAB-82DD-4565-BBDC-05B878A3B164}.Debug|Any CPU.ActiveCfg = Debug|Any CPU
		{B93ABBAB-82DD-4565-BBDC-05B878A3B164}.Debug|Any CPU.Build.0 = Debug|Any CPU
		{B93ABBAB-82DD-4565-BBDC-05B878A3B164}.Release|Any CPU.ActiveCfg = Release|Any CPU
		{B93ABBAB-82DD-4565-BBDC-05B878A3B164}.Release|Any CPU.Build.0 = Release|Any CPU
		{04E6521C-E668-4ED1-B1D8-D89D1DA80249}.Debug|Any CPU.ActiveCfg = Debug|Any CPU
		{04E6521C-E668-4ED1-B1D8-D89D1DA80249}.Debug|Any CPU.Build.0 = Debug|Any CPU
		{04E6521C-E668-4ED1-B1D8-D89D1DA80249}.Release|Any CPU.ActiveCfg = Release|Any CPU
		{04E6521C-E668-4ED1-B1D8-D89D1DA80249}.Release|Any CPU.Build.0 = Release|Any CPU
		{38D36C6A-4E1C-4A8D-98E9-05C8C7E56BCF}.Debug|Any CPU.ActiveCfg = Debug|Any CPU
		{38D36C6A-4E1C-4A8D-98E9-05C8C7E56BCF}.Debug|Any CPU.Build.0 = Debug|Any CPU
		{38D36C6A-4E1C-4A8D-98E9-05C8C7E56BCF}.Release|Any CPU.ActiveCfg = Release|Any CPU
		{38D36C6A-4E1C-4A8D-98E9-05C8C7E56BCF}.Release|Any CPU.Build.0 = Release|Any CPU
		{68D771B4-01E8-448E-BD8A-17A17D7ADBCA}.Debug|Any CPU.ActiveCfg = Debug|Any CPU
		{68D771B4-01E8-448E-BD8A-17A17D7ADBCA}.Debug|Any CPU.Build.0 = Debug|Any CPU
		{68D771B4-01E8-448E-BD8A-17A17D7ADBCA}.Release|Any CPU.ActiveCfg = Release|Any CPU
		{68D771B4-01E8-448E-BD8A-17A17D7ADBCA}.Release|Any CPU.Build.0 = Release|Any CPU
		{3553342C-A5FF-4089-A7E8-0ED8793C84F3}.Debug|Any CPU.ActiveCfg = Debug|Any CPU
		{3553342C-A5FF-4089-A7E8-0ED8793C84F3}.Debug|Any CPU.Build.0 = Debug|Any CPU
		{3553342C-A5FF-4089-A7E8-0ED8793C84F3}.Release|Any CPU.ActiveCfg = Release|Any CPU
		{3553342C-A5FF-4089-A7E8-0ED8793C84F3}.Release|Any CPU.Build.0 = Release|Any CPU
		{B2FF3461-101E-49CA-8B84-DFCF1786689E}.Debug|Any CPU.ActiveCfg = Debug|Any CPU
		{B2FF3461-101E-49CA-8B84-DFCF1786689E}.Debug|Any CPU.Build.0 = Debug|Any CPU
		{B2FF3461-101E-49CA-8B84-DFCF1786689E}.Release|Any CPU.ActiveCfg = Release|Any CPU
		{B2FF3461-101E-49CA-8B84-DFCF1786689E}.Release|Any CPU.Build.0 = Release|Any CPU
		{66C28FC3-A9D7-45A0-AC5A-7F2AD4B0A4CC}.Debug|Any CPU.ActiveCfg = Debug|Any CPU
		{66C28FC3-A9D7-45A0-AC5A-7F2AD4B0A4CC}.Debug|Any CPU.Build.0 = Debug|Any CPU
		{66C28FC3-A9D7-45A0-AC5A-7F2AD4B0A4CC}.Release|Any CPU.ActiveCfg = Release|Any CPU
		{66C28FC3-A9D7-45A0-AC5A-7F2AD4B0A4CC}.Release|Any CPU.Build.0 = Release|Any CPU
		{C44B4283-00B5-483B-A50E-F0BD4925F282}.Debug|Any CPU.ActiveCfg = Debug|Any CPU
		{C44B4283-00B5-483B-A50E-F0BD4925F282}.Debug|Any CPU.Build.0 = Debug|Any CPU
		{C44B4283-00B5-483B-A50E-F0BD4925F282}.Release|Any CPU.ActiveCfg = Release|Any CPU
		{C44B4283-00B5-483B-A50E-F0BD4925F282}.Release|Any CPU.Build.0 = Release|Any CPU
	EndGlobalSection
	GlobalSection(SolutionProperties) = preSolution
		HideSolutionNode = FALSE
	EndGlobalSection
	GlobalSection(NestedProjects) = preSolution
		{F1BDA55F-6096-4078-AE13-11813735B333} = {D6203639-C46F-46A1-8BFB-C33222CF75FC}
		{DA56A2C8-6E29-4D97-9D92-69723D139155} = {D6203639-C46F-46A1-8BFB-C33222CF75FC}
		{352D92AC-E7A2-461C-BE66-1D0779743952} = {D5300DB0-30A3-42B1-BD7D-C10B38D5B362}
		{46CF452A-65A6-42CB-AC2E-29DCD6AFAC8D} = {D5300DB0-30A3-42B1-BD7D-C10B38D5B362}
		{315E634D-6EF9-4BEB-A259-4F748E641F99} = {D5300DB0-30A3-42B1-BD7D-C10B38D5B362}
		{46702B31-2FA6-4506-9D13-693249F2B18D} = {D5300DB0-30A3-42B1-BD7D-C10B38D5B362}
		{5D724556-9C74-4E71-B938-75920D4BEA89} = {D5300DB0-30A3-42B1-BD7D-C10B38D5B362}
		{652631A5-91ED-49BA-AE9A-5D6A80B3008D} = {D5300DB0-30A3-42B1-BD7D-C10B38D5B362}
		{DB888303-5138-4549-9DCF-91BED4CC6F7D} = {5BF375B6-3107-4376-A709-1F3B3882796E}
		{2D409162-4DA3-4B6B-97F7-2403470F9955} = {5BF375B6-3107-4376-A709-1F3B3882796E}
		{E4B29D2B-4D70-4E2A-B93C-5EB5D6CF3BDF} = {5BF375B6-3107-4376-A709-1F3B3882796E}
		{FB7E7067-B218-48CF-99D3-FD7FBB2889AE} = {5BF375B6-3107-4376-A709-1F3B3882796E}
		{05CBFCF7-B38B-4DC0-B953-E56857BBE357} = {5BF375B6-3107-4376-A709-1F3B3882796E}
		{B93ABBAB-82DD-4565-BBDC-05B878A3B164} = {5BF375B6-3107-4376-A709-1F3B3882796E}
		{04E6521C-E668-4ED1-B1D8-D89D1DA80249} = {E7A3281B-745C-4060-BDE6-3A870A7F90FE}
		{38D36C6A-4E1C-4A8D-98E9-05C8C7E56BCF} = {E7A3281B-745C-4060-BDE6-3A870A7F90FE}
		{68D771B4-01E8-448E-BD8A-17A17D7ADBCA} = {E7A3281B-745C-4060-BDE6-3A870A7F90FE}
		{3553342C-A5FF-4089-A7E8-0ED8793C84F3} = {E7A3281B-745C-4060-BDE6-3A870A7F90FE}
		{B2FF3461-101E-49CA-8B84-DFCF1786689E} = {E7A3281B-745C-4060-BDE6-3A870A7F90FE}
		{66C28FC3-A9D7-45A0-AC5A-7F2AD4B0A4CC} = {E7A3281B-745C-4060-BDE6-3A870A7F90FE}
		{C44B4283-00B5-483B-A50E-F0BD4925F282} = {E7A3281B-745C-4060-BDE6-3A870A7F90FE}
	EndGlobalSection
EndGlobal
